
Microsoft Visual Studio Solution File, Format Version 12.00
# Visual Studio Version 17
VisualStudioVersion = 17.4.33213.308
MinimumVisualStudioVersion = 10.0.40219.1
Project("{FAE04EC0-301F-11D3-BF4B-00C04F79EFBC}") = "Stringdesu", "Stringdesu\Stringdesu.csproj", "{38FB7418-91B6-46B8-8126-61496D8C7EDF}"
EndProject
Global
	GlobalSection(SolutionConfigurationPlatforms) = preSolution
		Debug|Any CPU = Debug|Any CPU
		Release|Any CPU = Release|Any CPU
	EndGlobalSection
	GlobalSection(ProjectConfigurationPlatforms) = postSolution
		{38FB7418-91B6-46B8-8126-61496D8C7EDF}.Debug|Any CPU.ActiveCfg = Debug|Any CPU
		{38FB7418-91B6-46B8-8126-61496D8C7EDF}.Debug|Any CPU.Build.0 = Debug|Any CPU
		{38FB7418-91B6-46B8-8126-61496D8C7EDF}.Release|Any CPU.ActiveCfg = Release|Any CPU
		{38FB7418-91B6-46B8-8126-61496D8C7EDF}.Release|Any CPU.Build.0 = Release|Any CPU
	EndGlobalSection
	GlobalSection(SolutionProperties) = preSolution
		HideSolutionNode = FALSE
	EndGlobalSection
	GlobalSection(ExtensibilityGlobals) = postSolution
		SolutionGuid = {E3EEF01D-4CD2-4B4A-9610-F9AA36061790}
	EndGlobalSection
EndGlobal
